
Microsoft Visual Studio Solution File, Format Version 12.00
# Visual Studio Version 17
VisualStudioVersion = 17.2.32616.157
MinimumVisualStudioVersion = 10.0.40219.1
Project("{FAE04EC0-301F-11D3-BF4B-00C04F79EFBC}") = "Playing with passphrases", "Playing with passphrases\Playing with passphrases.csproj", "{3C641AAF-B99B-4A1F-B532-294F674183DD}"
EndProject
Project("{FAE04EC0-301F-11D3-BF4B-00C04F79EFBC}") = "ConsoleApp1", "ConsoleApp1\ConsoleApp1.csproj", "{3BDFBB7C-C369-4A3C-97AB-D60EC1D1D0FD}"
EndProject
Global
	GlobalSection(SolutionConfigurationPlatforms) = preSolution
		Debug|Any CPU = Debug|Any CPU
		Release|Any CPU = Release|Any CPU
	EndGlobalSection
	GlobalSection(ProjectConfigurationPlatforms) = postSolution
		{3C641AAF-B99B-4A1F-B532-294F674183DD}.Debug|Any CPU.ActiveCfg = Debug|Any CPU
		{3C641AAF-B99B-4A1F-B532-294F674183DD}.Debug|Any CPU.Build.0 = Debug|Any CPU
		{3C641AAF-B99B-4A1F-B532-294F674183DD}.Release|Any CPU.ActiveCfg = Release|Any CPU
		{3C641AAF-B99B-4A1F-B532-294F674183DD}.Release|Any CPU.Build.0 = Release|Any CPU
		{3BDFBB7C-C369-4A3C-97AB-D60EC1D1D0FD}.Debug|Any CPU.ActiveCfg = Debug|Any CPU
		{3BDFBB7C-C369-4A3C-97AB-D60EC1D1D0FD}.Debug|Any CPU.Build.0 = Debug|Any CPU
		{3BDFBB7C-C369-4A3C-97AB-D60EC1D1D0FD}.Release|Any CPU.ActiveCfg = Release|Any CPU
		{3BDFBB7C-C369-4A3C-97AB-D60EC1D1D0FD}.Release|Any CPU.Build.0 = Release|Any CPU
	EndGlobalSection
	GlobalSection(SolutionProperties) = preSolution
		HideSolutionNode = FALSE
	EndGlobalSection
	GlobalSection(ExtensibilityGlobals) = postSolution
		SolutionGuid = {CB687585-F3C8-4F3D-AAF5-25BB08FDF0B8}
	EndGlobalSection
EndGlobal
